// !$*UTF8*$!
{
	archiveVersion = 1;
	classes = {
	};
	objectVersion = 46;
	objects = {

/* Begin PBXBuildFile section */
		40A1D0F21E309CB8002AF525 /* AppDelegate.swift in Sources */ = {isa = PBXBuildFile; fileRef = 40A1D0F11E309CB8002AF525 /* AppDelegate.swift */; };
		40A1D0F41E309CB8002AF525 /* ViewController.swift in Sources */ = {isa = PBXBuildFile; fileRef = 40A1D0F31E309CB8002AF525 /* ViewController.swift */; };
		40A1D0F71E309CB8002AF525 /* Main.storyboard in Resources */ = {isa = PBXBuildFile; fileRef = 40A1D0F51E309CB8002AF525 /* Main.storyboard */; };
		40A1D0F91E309CB8002AF525 /* Assets.xcassets in Resources */ = {isa = PBXBuildFile; fileRef = 40A1D0F81E309CB8002AF525 /* Assets.xcassets */; };
		40A1D0FC1E309CB8002AF525 /* LaunchScreen.storyboard in Resources */ = {isa = PBXBuildFile; fileRef = 40A1D0FA1E309CB8002AF525 /* LaunchScreen.storyboard */; };
		40A1D1041E309CD4002AF525 /* DynaMon.swift in Sources */ = {isa = PBXBuildFile; fileRef = 40A1D1031E309CD4002AF525 /* DynaMon.swift */; };
		40A1D1091E309E9B002AF525 /* DynaMonModule_Demo.framework in Frameworks */ = {isa = PBXBuildFile; fileRef = 40A1D1081E309E9B002AF525 /* DynaMonModule_Demo.framework */; };
/* End PBXBuildFile section */

/* Begin PBXFileReference section */
		40A1D0EE1E309CB8002AF525 /* DynaMonMainApp-Demo.app */ = {isa = PBXFileReference; explicitFileType = wrapper.application; includeInIndex = 0; path = "DynaMonMainApp-Demo.app"; sourceTree = BUILT_PRODUCTS_DIR; };
		40A1D0F11E309CB8002AF525 /* AppDelegate.swift */ = {isa = PBXFileReference; lastKnownFileType = sourcecode.swift; path = AppDelegate.swift; sourceTree = "<group>"; };
		40A1D0F31E309CB8002AF525 /* ViewController.swift */ = {isa = PBXFileReference; lastKnownFileType = sourcecode.swift; path = ViewController.swift; sourceTree = "<group>"; };
		40A1D0F61E309CB8002AF525 /* Base */ = {isa = PBXFileReference; lastKnownFileType = file.storyboard; name = Base; path = Base.lproj/Main.storyboard; sourceTree = "<group>"; };
		40A1D0F81E309CB8002AF525 /* Assets.xcassets */ = {isa = PBXFileReference; lastKnownFileType = folder.assetcatalog; path = Assets.xcassets; sourceTree = "<group>"; };
		40A1D0FB1E309CB8002AF525 /* Base */ = {isa = PBXFileReference; lastKnownFileType = file.storyboard; name = Base; path = Base.lproj/LaunchScreen.storyboard; sourceTree = "<group>"; };
		40A1D0FD1E309CB8002AF525 /* Info.plist */ = {isa = PBXFileReference; lastKnownFileType = text.plist.xml; path = Info.plist; sourceTree = "<group>"; };
		40A1D1031E309CD4002AF525 /* DynaMon.swift */ = {isa = PBXFileReference; fileEncoding = 4; lastKnownFileType = sourcecode.swift; path = DynaMon.swift; sourceTree = "<group>"; };
		40A1D1061E309E04002AF525 /* DynaMonModule-Demo.framework */ = {isa = PBXFileReference; lastKnownFileType = wrapper.framework; name = "DynaMonModule-Demo.framework"; path = "../DynaMonModule-Demo/build/Debug-iphoneos/DynaMonModule-Demo.framework"; sourceTree = "<group>"; };
		40A1D1081E309E9B002AF525 /* DynaMonModule_Demo.framework */ = {isa = PBXFileReference; lastKnownFileType = wrapper.framework; name = DynaMonModule_Demo.framework; path = "../../../../Library/Developer/Xcode/DerivedData/DynaMon-ctzrhsnckmasuwclgjsjrobbxbol/Build/Products/Debug-iphonesimulator/DynaMonModule_Demo.framework"; sourceTree = "<group>"; };
/* End PBXFileReference section */

/* Begin PBXFrameworksBuildPhase section */
		40A1D0EB1E309CB8002AF525 /* Frameworks */ = {
			isa = PBXFrameworksBuildPhase;
			buildActionMask = 2147483647;
			files = (
				40A1D1091E309E9B002AF525 /* DynaMonModule_Demo.framework in Frameworks */,
			);
			runOnlyForDeploymentPostprocessing = 0;
		};
/* End PBXFrameworksBuildPhase section */

/* Begin PBXGroup section */
		40A1D0E51E309CB8002AF525 = {
			isa = PBXGroup;
			children = (
				40A1D0F01E309CB8002AF525 /* DynaMonMainApp-Demo */,
				40A1D0EF1E309CB8002AF525 /* Products */,
				40A1D1051E309E03002AF525 /* Frameworks */,
			);
			sourceTree = "<group>";
		};
		40A1D0EF1E309CB8002AF525 /* Products */ = {
			isa = PBXGroup;
			children = (
				40A1D0EE1E309CB8002AF525 /* DynaMonMainApp-Demo.app */,
			);
			name = Products;
			sourceTree = "<group>";
		};
		40A1D0F01E309CB8002AF525 /* DynaMonMainApp-Demo */ = {
			isa = PBXGroup;
			children = (
				40A1D0F11E309CB8002AF525 /* AppDelegate.swift */,
				40A1D0F31E309CB8002AF525 /* ViewController.swift */,
				40A1D1031E309CD4002AF525 /* DynaMon.swift */,
				40A1D0F51E309CB8002AF525 /* Main.storyboard */,
				40A1D0F81E309CB8002AF525 /* Assets.xcassets */,
				40A1D0FA1E309CB8002AF525 /* LaunchScreen.storyboard */,
				40A1D0FD1E309CB8002AF525 /* Info.plist */,
			);
			path = "DynaMonMainApp-Demo";
			sourceTree = "<group>";
		};
		40A1D1051E309E03002AF525 /* Frameworks */ = {
			isa = PBXGroup;
			children = (
				40A1D1081E309E9B002AF525 /* DynaMonModule_Demo.framework */,
				40A1D1061E309E04002AF525 /* DynaMonModule-Demo.framework */,
			);
			name = Frameworks;
			sourceTree = "<group>";
		};
/* End PBXGroup section */

/* Begin PBXNativeTarget section */
		40A1D0ED1E309CB8002AF525 /* DynaMonMainApp-Demo */ = {
			isa = PBXNativeTarget;
			buildConfigurationList = 40A1D1001E309CB8002AF525 /* Build configuration list for PBXNativeTarget "DynaMonMainApp-Demo" */;
			buildPhases = (
				40A1D0EA1E309CB8002AF525 /* Sources */,
				40A1D0EB1E309CB8002AF525 /* Frameworks */,
				40A1D0EC1E309CB8002AF525 /* Resources */,
			);
			buildRules = (
			);
			dependencies = (
			);
			name = "DynaMonMainApp-Demo";
			productName = "DynaMonMainApp-Demo";
			productReference = 40A1D0EE1E309CB8002AF525 /* DynaMonMainApp-Demo.app */;
			productType = "com.apple.product-type.application";
		};
/* End PBXNativeTarget section */

/* Begin PBXProject section */
		40A1D0E61E309CB8002AF525 /* Project object */ = {
			isa = PBXProject;
			attributes = {
				LastSwiftUpdateCheck = 0820;
				LastUpgradeCheck = 0820;
				ORGANIZATIONNAME = Ned;
				TargetAttributes = {
					40A1D0ED1E309CB8002AF525 = {
						CreatedOnToolsVersion = 8.2.1;
						ProvisioningStyle = Automatic;
					};
				};
			};
			buildConfigurationList = 40A1D0E91E309CB8002AF525 /* Build configuration list for PBXProject "DynaMonMainApp-Demo" */;
			compatibilityVersion = "Xcode 3.2";
			developmentRegion = English;
			hasScannedForEncodings = 0;
			knownRegions = (
				en,
				Base,
			);
			mainGroup = 40A1D0E51E309CB8002AF525;
			productRefGroup = 40A1D0EF1E309CB8002AF525 /* Products */;
			projectDirPath = "";
			projectRoot = "";
			targets = (
				40A1D0ED1E309CB8002AF525 /* DynaMonMainApp-Demo */,
			);
		};
/* End PBXProject section */

/* Begin PBXResourcesBuildPhase section */
		40A1D0EC1E309CB8002AF525 /* Resources */ = {
			isa = PBXResourcesBuildPhase;
			buildActionMask = 2147483647;
			files = (
				40A1D0FC1E309CB8002AF525 /* LaunchScreen.storyboard in Resources */,
				40A1D0F91E309CB8002AF525 /* Assets.xcassets in Resources */,
				40A1D0F71E309CB8002AF525 /* Main.storyboard in Resources */,
			);
			runOnlyForDeploymentPostprocessing = 0;
		};
/* End PBXResourcesBuildPhase section */

/* Begin PBXSourcesBuildPhase section */
		40A1D0EA1E309CB8002AF525 /* Sources */ = {
			isa = PBXSourcesBuildPhase;
			buildActionMask = 2147483647;
			files = (
				40A1D1041E309CD4002AF525 /* DynaMon.swift in Sources */,
				40A1D0F41E309CB8002AF525 /* ViewController.swift in Sources */,
				40A1D0F21E309CB8002AF525 /* AppDelegate.swift in Sources */,
			);
			runOnlyForDeploymentPostprocessing = 0;
		};
/* End PBXSourcesBuildPhase section */

/* Begin PBXVariantGroup section */
		40A1D0F51E309CB8002AF525 /* Main.storyboard */ = {
			isa = PBXVariantGroup;
			children = (
				40A1D0F61E309CB8002AF525 /* Base */,
			);
			name = Main.storyboard;
			sourceTree = "<group>";
		};
		40A1D0FA1E309CB8002AF525 /* LaunchScreen.storyboard */ = {
			isa = PBXVariantGroup;
			children = (
				40A1D0FB1E309CB8002AF525 /* Base */,
			);
			name = LaunchScreen.storyboard;
			sourceTree = "<group>";
		};
/* End PBXVariantGroup section */

/* Begin XCBuildConfiguration section */
		40A1D0FE1E309CB8002AF525 /* Debug */ = {
			isa = XCBuildConfiguration;
			buildSettings = {
				ALWAYS_SEARCH_USER_PATHS = NO;
				CLANG_ANALYZER_NONNULL = YES;
				CLANG_CXX_LANGUAGE_STANDARD = "gnu++0x";
				CLANG_CXX_LIBRARY = "libc++";
				CLANG_ENABLE_MODULES = YES;
				CLANG_ENABLE_OBJC_ARC = YES;
				CLANG_WARN_BOOL_CONVERSION = YES;
				CLANG_WARN_CONSTANT_CONVERSION = YES;
				CLANG_WARN_DIRECT_OBJC_ISA_USAGE = YES_ERROR;
				CLANG_WARN_DOCUMENTATION_COMMENTS = YES;
				CLANG_WARN_EMPTY_BODY = YES;
				CLANG_WARN_ENUM_CONVERSION = YES;
				CLANG_WARN_INFINITE_RECURSION = YES;
				CLANG_WARN_INT_CONVERSION = YES;
				CLANG_WARN_OBJC_ROOT_CLASS = YES_ERROR;
				CLANG_WARN_SUSPICIOUS_MOVE = YES;
				CLANG_WARN_UNREACHABLE_CODE = YES;
				CLANG_WARN__DUPLICATE_METHOD_MATCH = YES;
				"CODE_SIGN_IDENTITY[sdk=iphoneos*]" = "iPhone Developer";
				COPY_PHASE_STRIP = NO;
				DEBUG_INFORMATION_FORMAT = dwarf;
				ENABLE_STRICT_OBJC_MSGSEND = YES;
				ENABLE_TESTABILITY = YES;
				GCC_C_LANGUAGE_STANDARD = gnu99;
				GCC_DYNAMIC_NO_PIC = NO;
				GCC_NO_COMMON_BLOCKS = YES;
				GCC_OPTIMIZATION_LEVEL = 0;
				GCC_PREPROCESSOR_DEFINITIONS = (
					"DEBUG=1",
					"$(inherited)",
				);
				GCC_WARN_64_TO_32_BIT_CONVERSION = YES;
				GCC_WARN_ABOUT_RETURN_TYPE = YES_ERROR;
				GCC_WARN_UNDECLARED_SELECTOR = YES;
				GCC_WARN_UNINITIALIZED_AUTOS = YES_AGGRESSIVE;
				GCC_WARN_UNUSED_FUNCTION = YES;
				GCC_WARN_UNUSED_VARIABLE = YES;
				IPHONEOS_DEPLOYMENT_TARGET = 10.2;
				MTL_ENABLE_DEBUG_INFO = YES;
				ONLY_ACTIVE_ARCH = YES;
				SDKROOT = iphoneos;
				SWIFT_ACTIVE_COMPILATION_CONDITIONS = DEBUG;
				SWIFT_OPTIMIZATION_LEVEL = "-Onone";
				TARGETED_DEVICE_FAMILY = "1,2";
			};
			name = Debug;
		};
		40A1D0FF1E309CB8002AF525 /* Release */ = {
			isa = XCBuildConfiguration;
			buildSettings = {
				ALWAYS_SEARCH_USER_PATHS = NO;
				CLANG_ANALYZER_NONNULL = YES;
				CLANG_CXX_LANGUAGE_STANDARD = "gnu++0x";
				CLANG_CXX_LIBRARY = "libc++";
				CLANG_ENABLE_MODULES = YES;
				CLANG_ENABLE_OBJC_ARC = YES;
				CLANG_WARN_BOOL_CONVERSION = YES;
				CLANG_WARN_CONSTANT_CONVERSION = YES;
				CLANG_WARN_DIRECT_OBJC_ISA_USAGE = YES_ERROR;
				CLANG_WARN_DOCUMENTATION_COMMENTS = YES;
				CLANG_WARN_EMPTY_BODY = YES;
				CLANG_WARN_ENUM_CONVERSION = YES;
				CLANG_WARN_INFINITE_RECURSION = YES;
				CLANG_WARN_INT_CONVERSION = YES;
				CLANG_WARN_OBJC_ROOT_CLASS = YES_ERROR;
				CLANG_WARN_SUSPICIOUS_MOVE = YES;
				CLANG_WARN_UNREACHABLE_CODE = YES;
				CLANG_WARN__DUPLICATE_METHOD_MATCH = YES;
				"CODE_SIGN_IDENTITY[sdk=iphoneos*]" = "iPhone Developer";
				COPY_PHASE_STRIP = NO;
				DEBUG_INFORMATION_FORMAT = "dwarf-with-dsym";
				ENABLE_NS_ASSERTIONS = NO;
				ENABLE_STRICT_OBJC_MSGSEND = YES;
				GCC_C_LANGUAGE_STANDARD = gnu99;
				GCC_NO_COMMON_BLOCKS = YES;
				GCC_WARN_64_TO_32_BIT_CONVERSION = YES;
				GCC_WARN_ABOUT_RETURN_TYPE = YES_ERROR;
				GCC_WARN_UNDECLARED_SELECTOR = YES;
				GCC_WARN_UNINITIALIZED_AUTOS = YES_AGGRESSIVE;
				GCC_WARN_UNUSED_FUNCTION = YES;
				GCC_WARN_UNUSED_VARIABLE = YES;
				IPHONEOS_DEPLOYMENT_TARGET = 10.2;
				MTL_ENABLE_DEBUG_INFO = NO;
				SDKROOT = iphoneos;
				SWIFT_OPTIMIZATION_LEVEL = "-Owholemodule";
				TARGETED_DEVICE_FAMILY = "1,2";
				VALIDATE_PRODUCT = YES;
			};
			name = Release;
		};
		40A1D1011E309CB8002AF525 /* Debug */ = {
			isa = XCBuildConfiguration;
			buildSettings = {
				ASSETCATALOG_COMPILER_APPICON_NAME = AppIcon;
				INFOPLIST_FILE = "DynaMonMainApp-Demo/Info.plist";
				LD_RUNPATH_SEARCH_PATHS = "$(inherited) @executable_path/Frameworks";
				PRODUCT_BUNDLE_IDENTIFIER = "com.Ned.DynaMonMainApp-Demo";
				PRODUCT_NAME = "$(TARGET_NAME)";
				SWIFT_VERSION = 3.0;
			};
			name = Debug;
		};
		40A1D1021E309CB8002AF525 /* Release */ = {
			isa = XCBuildConfiguration;
			buildSettings = {
				ASSETCATALOG_COMPILER_APPICON_NAME = AppIcon;
				INFOPLIST_FILE = "DynaMonMainApp-Demo/Info.plist";
				LD_RUNPATH_SEARCH_PATHS = "$(inherited) @executable_path/Frameworks";
				PRODUCT_BUNDLE_IDENTIFIER = "com.Ned.DynaMonMainApp-Demo";
				PRODUCT_NAME = "$(TARGET_NAME)";
				SWIFT_VERSION = 3.0;
			};
			name = Release;
		};
/* End XCBuildConfiguration section */

/* Begin XCConfigurationList section */
		40A1D0E91E309CB8002AF525 /* Build configuration list for PBXProject "DynaMonMainApp-Demo" */ = {
			isa = XCConfigurationList;
			buildConfigurations = (
				40A1D0FE1E309CB8002AF525 /* Debug */,
				40A1D0FF1E309CB8002AF525 /* Release */,
			);
			defaultConfigurationIsVisible = 0;
			defaultConfigurationName = Release;
		};
		40A1D1001E309CB8002AF525 /* Build configuration list for PBXNativeTarget "DynaMonMainApp-Demo" */ = {
			isa = XCConfigurationList;
			buildConfigurations = (
				40A1D1011E309CB8002AF525 /* Debug */,
				40A1D1021E309CB8002AF525 /* Release */,
			);
			defaultConfigurationIsVisible = 0;
			defaultConfigurationName = Release;
		};
/* End XCConfigurationList section */
	};
	rootObject = 40A1D0E61E309CB8002AF525 /* Project object */;
}
